
Microsoft Visual Studio Solution File, Format Version 12.00
# Visual Studio Version 17
VisualStudioVersion = 17.4.33403.182
MinimumVisualStudioVersion = 10.0.40219.1
Project("{FAE04EC0-301F-11D3-BF4B-00C04F79EFBC}") = "DatabaseSet", "DatabaseSet\DatabaseSet.csproj", "{83466E57-71C7-41CF-957D-EEC9559BCC93}"
EndProject
Project("{FAE04EC0-301F-11D3-BF4B-00C04F79EFBC}") = "SotSet", "SotSet\SotSet.csproj", "{BC156EA5-F939-4367-AF20-B5208C3456C1}"
	ProjectSection(ProjectDependencies) = postProject
		{83466E57-71C7-41CF-957D-EEC9559BCC93} = {83466E57-71C7-41CF-957D-EEC9559BCC93}
	EndProjectSection
EndProject
Global
	GlobalSection(SolutionConfigurationPlatforms) = preSolution
		Debug|Any CPU = Debug|Any CPU
		Release|Any CPU = Release|Any CPU
	EndGlobalSection
	GlobalSection(ProjectConfigurationPlatforms) = postSolution
		{83466E57-71C7-41CF-957D-EEC9559BCC93}.Debug|Any CPU.ActiveCfg = Debug|Any CPU
		{83466E57-71C7-41CF-957D-EEC9559BCC93}.Debug|Any CPU.Build.0 = Debug|Any CPU
		{83466E57-71C7-41CF-957D-EEC9559BCC93}.Release|Any CPU.ActiveCfg = Release|Any CPU
		{83466E57-71C7-41CF-957D-EEC9559BCC93}.Release|Any CPU.Build.0 = Release|Any CPU
		{BC156EA5-F939-4367-AF20-B5208C3456C1}.Debug|Any CPU.ActiveCfg = Debug|Any CPU
		{BC156EA5-F939-4367-AF20-B5208C3456C1}.Debug|Any CPU.Build.0 = Debug|Any CPU
		{BC156EA5-F939-4367-AF20-B5208C3456C1}.Release|Any CPU.ActiveCfg = Release|Any CPU
		{BC156EA5-F939-4367-AF20-B5208C3456C1}.Release|Any CPU.Build.0 = Release|Any CPU
	EndGlobalSection
	GlobalSection(SolutionProperties) = preSolution
		HideSolutionNode = FALSE
	EndGlobalSection
	GlobalSection(ExtensibilityGlobals) = postSolution
		SolutionGuid = {12B6B18B-0459-4803-8C3B-BE4E95A3323B}
	EndGlobalSection
EndGlobal
